
Microsoft Visual Studio Solution File, Format Version 12.00
Project("{FAE04EC0-301F-11D3-BF4B-00C04F79EFBC}") = "CESI_TP1", "CESI_TP1\CESI_TP1.csproj", "{28E4216C-EDB0-4DC0-BA13-ED6E08DF39EF}"
EndProject
Project("{FAE04EC0-301F-11D3-BF4B-00C04F79EFBC}") = "VeloCarRentals", "VeloCarRentals\VeloCarRentals.csproj", "{7B31B155-9E01-4678-8F81-211C279CB14E}"
EndProject
Global
	GlobalSection(SolutionConfigurationPlatforms) = preSolution
		Debug|Any CPU = Debug|Any CPU
		Release|Any CPU = Release|Any CPU
	EndGlobalSection
	GlobalSection(ProjectConfigurationPlatforms) = postSolution
		{28E4216C-EDB0-4DC0-BA13-ED6E08DF39EF}.Debug|Any CPU.ActiveCfg = Debug|Any CPU
		{28E4216C-EDB0-4DC0-BA13-ED6E08DF39EF}.Debug|Any CPU.Build.0 = Debug|Any CPU
		{28E4216C-EDB0-4DC0-BA13-ED6E08DF39EF}.Release|Any CPU.ActiveCfg = Release|Any CPU
		{28E4216C-EDB0-4DC0-BA13-ED6E08DF39EF}.Release|Any CPU.Build.0 = Release|Any CPU
		{7B31B155-9E01-4678-8F81-211C279CB14E}.Debug|Any CPU.ActiveCfg = Debug|Any CPU
		{7B31B155-9E01-4678-8F81-211C279CB14E}.Debug|Any CPU.Build.0 = Debug|Any CPU
		{7B31B155-9E01-4678-8F81-211C279CB14E}.Release|Any CPU.ActiveCfg = Release|Any CPU
		{7B31B155-9E01-4678-8F81-211C279CB14E}.Release|Any CPU.Build.0 = Release|Any CPU
	EndGlobalSection
EndGlobal
